
Microsoft Visual Studio Solution File, Format Version 12.00
# Visual Studio Version 16
VisualStudioVersion = 16.0.29306.81
MinimumVisualStudioVersion = 10.0.40219.1
Project("{9A19103F-16F7-4668-BE54-9A1E7A4F7556}") = "MonitorAgent", "MonitorAgent\MonitorAgent.csproj", "{086824E9-3F28-4B37-8D50-5673F80689B6}"
EndProject
Project("{FAE04EC0-301F-11D3-BF4B-00C04F79EFBC}") = "SampleClient", "SampleClient\SampleClient.csproj", "{633FD59E-B139-41D6-8C3D-9FE94846DC56}"
EndProject
Project("{FAE04EC0-301F-11D3-BF4B-00C04F79EFBC}") = "Models", "Models\Models.csproj", "{794FD406-9D2F-42D5-B5CA-C99B007B3084}"
EndProject
Global
	GlobalSection(SolutionConfigurationPlatforms) = preSolution
		Debug|Any CPU = Debug|Any CPU
		Release|Any CPU = Release|Any CPU
	EndGlobalSection
	GlobalSection(ProjectConfigurationPlatforms) = postSolution
		{086824E9-3F28-4B37-8D50-5673F80689B6}.Debug|Any CPU.ActiveCfg = Debug|Any CPU
		{086824E9-3F28-4B37-8D50-5673F80689B6}.Debug|Any CPU.Build.0 = Debug|Any CPU
		{086824E9-3F28-4B37-8D50-5673F80689B6}.Release|Any CPU.ActiveCfg = Release|Any CPU
		{086824E9-3F28-4B37-8D50-5673F80689B6}.Release|Any CPU.Build.0 = Release|Any CPU
		{633FD59E-B139-41D6-8C3D-9FE94846DC56}.Debug|Any CPU.ActiveCfg = Debug|Any CPU
		{633FD59E-B139-41D6-8C3D-9FE94846DC56}.Debug|Any CPU.Build.0 = Debug|Any CPU
		{633FD59E-B139-41D6-8C3D-9FE94846DC56}.Release|Any CPU.ActiveCfg = Release|Any CPU
		{633FD59E-B139-41D6-8C3D-9FE94846DC56}.Release|Any CPU.Build.0 = Release|Any CPU
		{794FD406-9D2F-42D5-B5CA-C99B007B3084}.Debug|Any CPU.ActiveCfg = Debug|Any CPU
		{794FD406-9D2F-42D5-B5CA-C99B007B3084}.Debug|Any CPU.Build.0 = Debug|Any CPU
		{794FD406-9D2F-42D5-B5CA-C99B007B3084}.Release|Any CPU.ActiveCfg = Release|Any CPU
		{794FD406-9D2F-42D5-B5CA-C99B007B3084}.Release|Any CPU.Build.0 = Release|Any CPU
	EndGlobalSection
	GlobalSection(SolutionProperties) = preSolution
		HideSolutionNode = FALSE
	EndGlobalSection
	GlobalSection(ExtensibilityGlobals) = postSolution
		SolutionGuid = {56D87A6A-FB3D-4BC5-B0C2-1265BF4012DD}
	EndGlobalSection
EndGlobal
